{
    "_readme": [
        "This file locks the dependencies of your project to a known state",
        "Read more about it at https://getcomposer.org/doc/01-basic-usage.md#installing-dependencies",
        "This file is @generated automatically"
    ],
    "content-hash": "994e66162c9b0d20eeb6fb04a9b18b30",
    "packages": [
        {
            "name": "jstayton/google-maps-geocoder",
            "version": "v2.4.0",
            "source": {
                "type": "git",
                "url": "https://github.com/jstayton/GoogleMapsGeocoder.git",
                "reference": "9da0b1363e0dc2908750e60af23f2d32b0afe855"
            },
            "dist": {
                "type": "zip",
                "url": "https://api.github.com/repos/jstayton/GoogleMapsGeocoder/zipball/9da0b1363e0dc2908750e60af23f2d32b0afe855",
                "reference": "9da0b1363e0dc2908750e60af23f2d32b0afe855",
                "shasum": ""
            },
            "require": {
                "php": ">=5.2.0"
            },
            "require-dev": {
                "phpdocumentor/phpdocumentor": "*"
            },
            "type": "library",
            "autoload": {
                "psr-0": {
                    "GoogleMapsGeocoder": "src/"
                }
            },
            "notification-url": "https://packagist.org/downloads/",
            "license": [
                "MIT"
            ],
            "authors": [
                {
                    "name": "Justin Stayton",
                    "homepage": "http://justinstayton.com",
                    "role": "Developer"
                }
            ],
            "description": "A PHP wrapper for the Google Maps Geocoding API v3.",
            "homepage": "https://github.com/jstayton/GoogleMapsGeocoder",
            "keywords": [
                "geocode",
                "geocoder",
                "geocoding",
                "gmap",
                "gmaps",
                "google",
                "map",
                "maps"
            ],
            "time": "2015-11-10T19:17:52+00:00"
        }
    ],
    "packages-dev": [],
    "aliases": [],
    "minimum-stability": "stable",
    "stability-flags": [],
    "prefer-stable": false,
    "prefer-lowest": false,
    "platform": [],
    "platform-dev": []
}
